
Microsoft Visual Studio Solution File, Format Version 12.00
# Visual Studio 15
VisualStudioVersion = 15.0.28307.106
MinimumVisualStudioVersion = 10.0.40219.1
Project("{FAE04EC0-301F-11D3-BF4B-00C04F79EFBC}") = "SpeechmorphingHomeAssignment", "SpeechmorphingHomeAssignment.csproj", "{50E0BC3D-530D-4554-A540-0B96ABC0DAE9}"
EndProject
Global
	GlobalSection(SolutionConfigurationPlatforms) = preSolution
		Debug|Any CPU = Debug|Any CPU
		Release|Any CPU = Release|Any CPU
	EndGlobalSection
	GlobalSection(ProjectConfigurationPlatforms) = postSolution
		{50E0BC3D-530D-4554-A540-0B96ABC0DAE9}.Debug|Any CPU.ActiveCfg = Debug|Any CPU
		{50E0BC3D-530D-4554-A540-0B96ABC0DAE9}.Debug|Any CPU.Build.0 = Debug|Any CPU
		{50E0BC3D-530D-4554-A540-0B96ABC0DAE9}.Release|Any CPU.ActiveCfg = Release|Any CPU
		{50E0BC3D-530D-4554-A540-0B96ABC0DAE9}.Release|Any CPU.Build.0 = Release|Any CPU
	EndGlobalSection
	GlobalSection(SolutionProperties) = preSolution
		HideSolutionNode = FALSE
	EndGlobalSection
	GlobalSection(ExtensibilityGlobals) = postSolution
		SolutionGuid = {C58986F6-EC99-416D-9C5B-7AE1D727C1D6}
	EndGlobalSection
EndGlobal
